
<Scheme version="1.3" LastUpgradeVersion="1000">
    <BuildAction buildImplicitDependencies="YES" parallelizeBuildables="YES">
        <BuildActionEntries>
            <BuildActionEntry buildForArchiving="YES" buildForRunning="YES" buildForTesting="YES" buildForProfiling="YES" buildForAnalyzing="YES">
                <BuildableReference ReferencedContainer="container:TryHardBazel.xcodeproj" BuildableName="libome-Interfaces.a" BlueprintIdentifier="5B169BD9EF51D4AC00000000" BuildableIdentifier="primary" BlueprintName="ome-Interfaces"></BuildableReference>
            </BuildActionEntry>
        </BuildActionEntries>
    </BuildAction>
    <TestAction shouldUseLaunchSchemeArgsEnv="YES" selectedLauncherIdentifier="Xcode.DebuggerFoundation.Launcher.LLDB" customLLDBInitFile="$(PROJECT_FILE_PATH)/.tulsi/Utils/lldbinit" buildConfiguration="__TulsiTestRunner_Debug" selectedDebuggerIdentifier="Xcode.DebuggerFoundation.Debugger.LLDB">
        <Testables></Testables>
        <BuildableProductRunnable runnableDebuggingMode="0">
            <BuildableReference BlueprintIdentifier="5B169BD9EF51D4AC00000000" ReferencedContainer="container:TryHardBazel.xcodeproj" BuildableIdentifier="primary" BlueprintName="ome-Interfaces" BuildableName="libome-Interfaces.a"></BuildableReference>
        </BuildableProductRunnable>
    </TestAction>
    <LaunchAction launchStyle="0" ignoresPersistentStateOnLaunch="NO" useCustomWorkingDirectory="NO" allowLocationSimulation="YES" buildConfiguration="Debug" debugDocumentVersioning="YES" customLLDBInitFile="$(PROJECT_FILE_PATH)/.tulsi/Utils/lldbinit" debugServiceExtension="internal" selectedDebuggerIdentifier="Xcode.DebuggerFoundation.Debugger.LLDB" selectedLauncherIdentifier="Xcode.DebuggerFoundation.Launcher.LLDB">
        <EnvironmentVariables></EnvironmentVariables>
        <MacroExpansion>
            <BuildableReference BuildableName="libome-Interfaces.a" BuildableIdentifier="primary" ReferencedContainer="container:TryHardBazel.xcodeproj" BlueprintName="ome-Interfaces" BlueprintIdentifier="5B169BD9EF51D4AC00000000"></BuildableReference>
        </MacroExpansion>
    </LaunchAction>
    <ProfileAction shouldUseLaunchSchemeArgsEnv="YES" buildConfiguration="__TulsiTestRunner_Release" useCustomWorkingDirectory="NO" debugDocumentVersioning="YES">
        <MacroExpansion>
            <BuildableReference BlueprintIdentifier="5B169BD9EF51D4AC00000000" BlueprintName="ome-Interfaces" ReferencedContainer="container:TryHardBazel.xcodeproj" BuildableIdentifier="primary" BuildableName="libome-Interfaces.a"></BuildableReference>
        </MacroExpansion>
    </ProfileAction>
    <AnalyzeAction buildConfiguration="Debug"></AnalyzeAction>
    <ArchiveAction revealArchiveInOrganizer="YES" buildConfiguration="Release"></ArchiveAction>
</Scheme>